
Microsoft Visual Studio Solution File, Format Version 12.00
# Visual Studio Version 17
VisualStudioVersion = 17.4.33205.214
MinimumVisualStudioVersion = 10.0.40219.1
Project("{FAE04EC0-301F-11D3-BF4B-00C04F79EFBC}") = "Day07AzureDb", "Day07AzureDb.csproj", "{9B4A7B91-BF04-48FA-B57C-6F84243536A4}"
EndProject
Project("{54435603-DBB4-11D2-8724-00A0C9A8B90C}") = "SmartBankApp", "..\SmartBankApp\SmartBankApp.vdproj", "{C1BF2F13-308D-4ED0-BE79-70FD81B53EEE}"
EndProject
Global
	GlobalSection(SolutionConfigurationPlatforms) = preSolution
		Debug|Any CPU = Debug|Any CPU
		Release|Any CPU = Release|Any CPU
	EndGlobalSection
	GlobalSection(ProjectConfigurationPlatforms) = postSolution
		{9B4A7B91-BF04-48FA-B57C-6F84243536A4}.Debug|Any CPU.ActiveCfg = Debug|Any CPU
		{9B4A7B91-BF04-48FA-B57C-6F84243536A4}.Debug|Any CPU.Build.0 = Debug|Any CPU
		{9B4A7B91-BF04-48FA-B57C-6F84243536A4}.Release|Any CPU.ActiveCfg = Release|Any CPU
		{9B4A7B91-BF04-48FA-B57C-6F84243536A4}.Release|Any CPU.Build.0 = Release|Any CPU
		{C1BF2F13-308D-4ED0-BE79-70FD81B53EEE}.Debug|Any CPU.ActiveCfg = Debug
		{C1BF2F13-308D-4ED0-BE79-70FD81B53EEE}.Release|Any CPU.ActiveCfg = Release
	EndGlobalSection
	GlobalSection(SolutionProperties) = preSolution
		HideSolutionNode = FALSE
	EndGlobalSection
	GlobalSection(ExtensibilityGlobals) = postSolution
		SolutionGuid = {CDEFBB47-CEC5-4FEB-8202-86E5DDAF52ED}
	EndGlobalSection
EndGlobal
